
Microsoft Visual Studio Solution File, Format Version 12.00
# Visual Studio 15
Project("{FAE04EC0-301F-11D3-BF4B-00C04F79EFBC}") = "ExampleProject_1", "ExampleProject_1\ExampleProject_1.csproj", "{A87E644A-793A-497A-A9E0-E802A7383E08}"
EndProject
Global
	GlobalSection(SolutionConfigurationPlatforms) = preSolution
		Debug|anycpu = Debug|anycpu
		Release|anycpu = Release|anycpu
	EndGlobalSection
	GlobalSection(ProjectConfigurationPlatforms) = postSolution
		{A87E644A-793A-497A-A9E0-E802A7383E08}.Debug|anycpu.ActiveCfg = Debug|anycpu
		{A87E644A-793A-497A-A9E0-E802A7383E08}.Debug|anycpu.Build.0 = Debug|anycpu
		{A87E644A-793A-497A-A9E0-E802A7383E08}.Release|anycpu.ActiveCfg = Release|anycpu
		{A87E644A-793A-497A-A9E0-E802A7383E08}.Release|anycpu.Build.0 = Release|anycpu
	EndGlobalSection
EndGlobal
